
Microsoft Visual Studio Solution File, Format Version 10.00
# Visual C# Express 2008
Project("{FAE04EC0-301F-11D3-BF4B-00C04F79EFBC}") = "CDP", "CDP\CDP.csproj", "{9BF808A8-B828-4874-93BE-CCE46A7C319C}"
EndProject
Project("{FAE04EC0-301F-11D3-BF4B-00C04F79EFBC}") = "CDP.Core", "CDP.Core\CDP.Core.csproj", "{14ABD36D-331F-43C8-8097-18C05B20F06E}"
EndProject
Project("{FAE04EC0-301F-11D3-BF4B-00C04F79EFBC}") = "CDP.HalfLife", "CDP.HalfLife\CDP.HalfLife.csproj", "{6D554123-E196-4376-9B52-365777B913B8}"
EndProject
Project("{FAE04EC0-301F-11D3-BF4B-00C04F79EFBC}") = "QuickZip", "QuickZip\QuickZip.csproj", "{0894ACFD-ABA2-402B-AD4A-59764D621A8F}"
EndProject
Project("{FAE04EC0-301F-11D3-BF4B-00C04F79EFBC}") = "CDP.CounterStrike", "CDP.CounterStrike\CDP.CounterStrike.csproj", "{77712F28-8EB3-4560-BCD8-096CEA789915}"
EndProject
Project("{FAE04EC0-301F-11D3-BF4B-00C04F79EFBC}") = "UnitTests", "UnitTests\UnitTests.csproj", "{8761F0A0-BD9F-4EB5-8DF9-E2A546A43692}"
EndProject
Project("{FAE04EC0-301F-11D3-BF4B-00C04F79EFBC}") = "HalfLifeDemoSystemTest", "HalfLifeDemoSystemTest\HalfLifeDemoSystemTest.csproj", "{97005DD0-2A52-4A8B-A2E8-94B8C4D899F8}"
EndProject
Project("{FAE04EC0-301F-11D3-BF4B-00C04F79EFBC}") = "CDP.DemoDiagnostic", "CDP.DemoDiagnostic\CDP.DemoDiagnostic.csproj", "{E404303E-6A6D-4441-BBB4-D0636057CCC1}"
EndProject
Project("{FAE04EC0-301F-11D3-BF4B-00C04F79EFBC}") = "CDP.Source", "CDP.Source\CDP.Source.csproj", "{5F8BE612-C77B-4870-AEE3-A0FEE9B9F906}"
EndProject
Project("{FAE04EC0-301F-11D3-BF4B-00C04F79EFBC}") = "CDP.IdTech3", "CDP.IdTech3\CDP.IdTech3.csproj", "{EF8018FC-A773-4044-A044-17E38D3B07BC}"
EndProject
Project("{FAE04EC0-301F-11D3-BF4B-00C04F79EFBC}") = "CDP.Quake3Arena", "CDP.Quake3Arena\CDP.Quake3Arena.csproj", "{F21AE7B5-2411-4773-B5AA-6C0A915FC062}"
EndProject
Project("{FAE04EC0-301F-11D3-BF4B-00C04F79EFBC}") = "CDP.QuakeLive", "CDP.QuakeLive\CDP.QuakeLive.csproj", "{AE5C3573-A6B2-4822-A55A-396DDF395D0C}"
EndProject
Global
	GlobalSection(SolutionConfigurationPlatforms) = preSolution
		Debug|Any CPU = Debug|Any CPU
		Debug|x86 = Debug|x86
		Release|Any CPU = Release|Any CPU
		Release|x86 = Release|x86
	EndGlobalSection
	GlobalSection(ProjectConfigurationPlatforms) = postSolution
		{9BF808A8-B828-4874-93BE-CCE46A7C319C}.Debug|Any CPU.ActiveCfg = Debug|Any CPU
		{9BF808A8-B828-4874-93BE-CCE46A7C319C}.Debug|Any CPU.Build.0 = Debug|Any CPU
		{9BF808A8-B828-4874-93BE-CCE46A7C319C}.Debug|x86.ActiveCfg = Debug|Any CPU
		{9BF808A8-B828-4874-93BE-CCE46A7C319C}.Release|Any CPU.ActiveCfg = Release|Any CPU
		{9BF808A8-B828-4874-93BE-CCE46A7C319C}.Release|Any CPU.Build.0 = Release|Any CPU
		{9BF808A8-B828-4874-93BE-CCE46A7C319C}.Release|x86.ActiveCfg = Release|Any CPU
		{14ABD36D-331F-43C8-8097-18C05B20F06E}.Debug|Any CPU.ActiveCfg = Debug|Any CPU
		{14ABD36D-331F-43C8-8097-18C05B20F06E}.Debug|Any CPU.Build.0 = Debug|Any CPU
		{14ABD36D-331F-43C8-8097-18C05B20F06E}.Debug|x86.ActiveCfg = Debug|Any CPU
		{14ABD36D-331F-43C8-8097-18C05B20F06E}.Release|Any CPU.ActiveCfg = Release|Any CPU
		{14ABD36D-331F-43C8-8097-18C05B20F06E}.Release|Any CPU.Build.0 = Release|Any CPU
		{14ABD36D-331F-43C8-8097-18C05B20F06E}.Release|x86.ActiveCfg = Release|Any CPU
		{6D554123-E196-4376-9B52-365777B913B8}.Debug|Any CPU.ActiveCfg = Debug|Any CPU
		{6D554123-E196-4376-9B52-365777B913B8}.Debug|Any CPU.Build.0 = Debug|Any CPU
		{6D554123-E196-4376-9B52-365777B913B8}.Debug|x86.ActiveCfg = Debug|Any CPU
		{6D554123-E196-4376-9B52-365777B913B8}.Release|Any CPU.ActiveCfg = Release|Any CPU
		{6D554123-E196-4376-9B52-365777B913B8}.Release|Any CPU.Build.0 = Release|Any CPU
		{6D554123-E196-4376-9B52-365777B913B8}.Release|x86.ActiveCfg = Release|Any CPU
		{0894ACFD-ABA2-402B-AD4A-59764D621A8F}.Debug|Any CPU.ActiveCfg = Debug|Any CPU
		{0894ACFD-ABA2-402B-AD4A-59764D621A8F}.Debug|Any CPU.Build.0 = Debug|Any CPU
		{0894ACFD-ABA2-402B-AD4A-59764D621A8F}.Debug|x86.ActiveCfg = Debug|Any CPU
		{0894ACFD-ABA2-402B-AD4A-59764D621A8F}.Release|Any CPU.ActiveCfg = Release|Any CPU
		{0894ACFD-ABA2-402B-AD4A-59764D621A8F}.Release|Any CPU.Build.0 = Release|Any CPU
		{0894ACFD-ABA2-402B-AD4A-59764D621A8F}.Release|x86.ActiveCfg = Release|Any CPU
		{77712F28-8EB3-4560-BCD8-096CEA789915}.Debug|Any CPU.ActiveCfg = Debug|Any CPU
		{77712F28-8EB3-4560-BCD8-096CEA789915}.Debug|Any CPU.Build.0 = Debug|Any CPU
		{77712F28-8EB3-4560-BCD8-096CEA789915}.Debug|x86.ActiveCfg = Debug|Any CPU
		{77712F28-8EB3-4560-BCD8-096CEA789915}.Release|Any CPU.ActiveCfg = Release|Any CPU
		{77712F28-8EB3-4560-BCD8-096CEA789915}.Release|Any CPU.Build.0 = Release|Any CPU
		{77712F28-8EB3-4560-BCD8-096CEA789915}.Release|x86.ActiveCfg = Release|Any CPU
		{8761F0A0-BD9F-4EB5-8DF9-E2A546A43692}.Debug|Any CPU.ActiveCfg = Debug|Any CPU
		{8761F0A0-BD9F-4EB5-8DF9-E2A546A43692}.Debug|Any CPU.Build.0 = Debug|Any CPU
		{8761F0A0-BD9F-4EB5-8DF9-E2A546A43692}.Debug|x86.ActiveCfg = Debug|Any CPU
		{8761F0A0-BD9F-4EB5-8DF9-E2A546A43692}.Release|Any CPU.ActiveCfg = Release|Any CPU
		{8761F0A0-BD9F-4EB5-8DF9-E2A546A43692}.Release|Any CPU.Build.0 = Release|Any CPU
		{8761F0A0-BD9F-4EB5-8DF9-E2A546A43692}.Release|x86.ActiveCfg = Release|Any CPU
		{97005DD0-2A52-4A8B-A2E8-94B8C4D899F8}.Debug|Any CPU.ActiveCfg = Debug|Any CPU
		{97005DD0-2A52-4A8B-A2E8-94B8C4D899F8}.Debug|Any CPU.Build.0 = Debug|Any CPU
		{97005DD0-2A52-4A8B-A2E8-94B8C4D899F8}.Debug|x86.ActiveCfg = Debug|Any CPU
		{97005DD0-2A52-4A8B-A2E8-94B8C4D899F8}.Release|Any CPU.ActiveCfg = Release|Any CPU
		{97005DD0-2A52-4A8B-A2E8-94B8C4D899F8}.Release|Any CPU.Build.0 = Release|Any CPU
		{97005DD0-2A52-4A8B-A2E8-94B8C4D899F8}.Release|x86.ActiveCfg = Release|Any CPU
		{E404303E-6A6D-4441-BBB4-D0636057CCC1}.Debug|Any CPU.ActiveCfg = Debug|Any CPU
		{E404303E-6A6D-4441-BBB4-D0636057CCC1}.Debug|Any CPU.Build.0 = Debug|Any CPU
		{E404303E-6A6D-4441-BBB4-D0636057CCC1}.Debug|x86.ActiveCfg = Debug|Any CPU
		{E404303E-6A6D-4441-BBB4-D0636057CCC1}.Release|Any CPU.ActiveCfg = Release|Any CPU
		{E404303E-6A6D-4441-BBB4-D0636057CCC1}.Release|Any CPU.Build.0 = Release|Any CPU
		{E404303E-6A6D-4441-BBB4-D0636057CCC1}.Release|x86.ActiveCfg = Release|Any CPU
		{5F8BE612-C77B-4870-AEE3-A0FEE9B9F906}.Debug|Any CPU.ActiveCfg = Debug|Any CPU
		{5F8BE612-C77B-4870-AEE3-A0FEE9B9F906}.Debug|Any CPU.Build.0 = Debug|Any CPU
		{5F8BE612-C77B-4870-AEE3-A0FEE9B9F906}.Debug|x86.ActiveCfg = Debug|Any CPU
		{5F8BE612-C77B-4870-AEE3-A0FEE9B9F906}.Release|Any CPU.ActiveCfg = Release|Any CPU
		{5F8BE612-C77B-4870-AEE3-A0FEE9B9F906}.Release|Any CPU.Build.0 = Release|Any CPU
		{5F8BE612-C77B-4870-AEE3-A0FEE9B9F906}.Release|x86.ActiveCfg = Release|Any CPU
		{EF8018FC-A773-4044-A044-17E38D3B07BC}.Debug|Any CPU.ActiveCfg = Debug|Any CPU
		{EF8018FC-A773-4044-A044-17E38D3B07BC}.Debug|Any CPU.Build.0 = Debug|Any CPU
		{EF8018FC-A773-4044-A044-17E38D3B07BC}.Debug|x86.ActiveCfg = Debug|Any CPU
		{EF8018FC-A773-4044-A044-17E38D3B07BC}.Release|Any CPU.ActiveCfg = Release|Any CPU
		{EF8018FC-A773-4044-A044-17E38D3B07BC}.Release|Any CPU.Build.0 = Release|Any CPU
		{EF8018FC-A773-4044-A044-17E38D3B07BC}.Release|x86.ActiveCfg = Release|Any CPU
		{F21AE7B5-2411-4773-B5AA-6C0A915FC062}.Debug|Any CPU.ActiveCfg = Debug|Any CPU
		{F21AE7B5-2411-4773-B5AA-6C0A915FC062}.Debug|Any CPU.Build.0 = Debug|Any CPU
		{F21AE7B5-2411-4773-B5AA-6C0A915FC062}.Debug|x86.ActiveCfg = Debug|Any CPU
		{F21AE7B5-2411-4773-B5AA-6C0A915FC062}.Release|Any CPU.ActiveCfg = Release|Any CPU
		{F21AE7B5-2411-4773-B5AA-6C0A915FC062}.Release|Any CPU.Build.0 = Release|Any CPU
		{F21AE7B5-2411-4773-B5AA-6C0A915FC062}.Release|x86.ActiveCfg = Release|Any CPU
		{AE5C3573-A6B2-4822-A55A-396DDF395D0C}.Debug|Any CPU.ActiveCfg = Debug|Any CPU
		{AE5C3573-A6B2-4822-A55A-396DDF395D0C}.Debug|Any CPU.Build.0 = Debug|Any CPU
		{AE5C3573-A6B2-4822-A55A-396DDF395D0C}.Debug|x86.ActiveCfg = Debug|Any CPU
		{AE5C3573-A6B2-4822-A55A-396DDF395D0C}.Release|Any CPU.ActiveCfg = Release|Any CPU
		{AE5C3573-A6B2-4822-A55A-396DDF395D0C}.Release|Any CPU.Build.0 = Release|Any CPU
		{AE5C3573-A6B2-4822-A55A-396DDF395D0C}.Release|x86.ActiveCfg = Release|Any CPU
	EndGlobalSection
	GlobalSection(SolutionProperties) = preSolution
		HideSolutionNode = FALSE
	EndGlobalSection
EndGlobal
